
Microsoft Visual Studio Solution File, Format Version 12.00
Project("{FAE04EC0-301F-11D3-BF4B-00C04F79EFBC}") = "SqlGen.Cli", "SqlGen.Cli\SqlGen.Cli.csproj", "{0C54D761-20FC-4790-83DC-2A9228C1B094}"
EndProject
Project("{FAE04EC0-301F-11D3-BF4B-00C04F79EFBC}") = "SqlGen.Config", "SqlGen.Config\SqlGen.Config.csproj", "{5DC40B6E-B084-4C0D-9CE3-A77954788F47}"
EndProject
Project("{FAE04EC0-301F-11D3-BF4B-00C04F79EFBC}") = "SqlGen.Database", "SqlGen.Database\SqlGen.Database.csproj", "{E0D45366-A42F-4F50-B6A2-2C2B44A0B754}"
EndProject
Project("{FAE04EC0-301F-11D3-BF4B-00C04F79EFBC}") = "SqlGen.Generator", "SqlGen.Generator\SqlGen.Generator.csproj", "{38AA7601-20DC-4D8B-B3D2-C2449A0166B9}"
EndProject
Global
	GlobalSection(SolutionConfigurationPlatforms) = preSolution
		Debug|Any CPU = Debug|Any CPU
		Release|Any CPU = Release|Any CPU
	EndGlobalSection
	GlobalSection(ProjectConfigurationPlatforms) = postSolution
		{0C54D761-20FC-4790-83DC-2A9228C1B094}.Debug|Any CPU.ActiveCfg = Debug|Any CPU
		{0C54D761-20FC-4790-83DC-2A9228C1B094}.Debug|Any CPU.Build.0 = Debug|Any CPU
		{0C54D761-20FC-4790-83DC-2A9228C1B094}.Release|Any CPU.ActiveCfg = Release|Any CPU
		{0C54D761-20FC-4790-83DC-2A9228C1B094}.Release|Any CPU.Build.0 = Release|Any CPU
		{5DC40B6E-B084-4C0D-9CE3-A77954788F47}.Debug|Any CPU.ActiveCfg = Debug|Any CPU
		{5DC40B6E-B084-4C0D-9CE3-A77954788F47}.Debug|Any CPU.Build.0 = Debug|Any CPU
		{5DC40B6E-B084-4C0D-9CE3-A77954788F47}.Release|Any CPU.ActiveCfg = Release|Any CPU
		{5DC40B6E-B084-4C0D-9CE3-A77954788F47}.Release|Any CPU.Build.0 = Release|Any CPU
		{E0D45366-A42F-4F50-B6A2-2C2B44A0B754}.Debug|Any CPU.ActiveCfg = Debug|Any CPU
		{E0D45366-A42F-4F50-B6A2-2C2B44A0B754}.Debug|Any CPU.Build.0 = Debug|Any CPU
		{E0D45366-A42F-4F50-B6A2-2C2B44A0B754}.Release|Any CPU.ActiveCfg = Release|Any CPU
		{E0D45366-A42F-4F50-B6A2-2C2B44A0B754}.Release|Any CPU.Build.0 = Release|Any CPU
		{38AA7601-20DC-4D8B-B3D2-C2449A0166B9}.Debug|Any CPU.ActiveCfg = Debug|Any CPU
		{38AA7601-20DC-4D8B-B3D2-C2449A0166B9}.Debug|Any CPU.Build.0 = Debug|Any CPU
		{38AA7601-20DC-4D8B-B3D2-C2449A0166B9}.Release|Any CPU.ActiveCfg = Release|Any CPU
		{38AA7601-20DC-4D8B-B3D2-C2449A0166B9}.Release|Any CPU.Build.0 = Release|Any CPU
	EndGlobalSection
EndGlobal
